
Microsoft Visual Studio Solution File, Format Version 12.00
# Visual Studio Version 17
VisualStudioVersion = 17.5.002.0
MinimumVisualStudioVersion = 10.0.40219.1
Project("{9A19103F-16F7-4668-BE54-9A1E7A4F7556}") = "predictive-maintenance", "predictive-maintenance\predictive-maintenance.csproj", "{9BE688D6-0E3C-4E21-B1E3-83147A5BFEB6}"
EndProject
Global
	GlobalSection(SolutionConfigurationPlatforms) = preSolution
		Debug|Any CPU = Debug|Any CPU
		Release|Any CPU = Release|Any CPU
	EndGlobalSection
	GlobalSection(ProjectConfigurationPlatforms) = postSolution
		{9BE688D6-0E3C-4E21-B1E3-83147A5BFEB6}.Debug|Any CPU.ActiveCfg = Debug|Any CPU
		{9BE688D6-0E3C-4E21-B1E3-83147A5BFEB6}.Debug|Any CPU.Build.0 = Debug|Any CPU
		{9BE688D6-0E3C-4E21-B1E3-83147A5BFEB6}.Release|Any CPU.ActiveCfg = Release|Any CPU
		{9BE688D6-0E3C-4E21-B1E3-83147A5BFEB6}.Release|Any CPU.Build.0 = Release|Any CPU
	EndGlobalSection
	GlobalSection(SolutionProperties) = preSolution
		HideSolutionNode = FALSE
	EndGlobalSection
	GlobalSection(ExtensibilityGlobals) = postSolution
		SolutionGuid = {3717066D-AC09-4FEC-B936-3CC15AD418F1}
	EndGlobalSection
EndGlobal
